
Microsoft Visual Studio Solution File, Format Version 12.00
# Visual Studio Version 16
VisualStudioVersion = 16.0.30804.86
MinimumVisualStudioVersion = 10.0.40219.1
Project("{FAE04EC0-301F-11D3-BF4B-00C04F79EFBC}") = "MarsRover.UI", "MarsRover.UI\MarsRover.UI.csproj", "{F916DB77-16C8-439B-A4B9-41B7ECAF4643}"
EndProject
Project("{FAE04EC0-301F-11D3-BF4B-00C04F79EFBC}") = "MarsRover.Operation", "MarsRover.Operation\MarsRover.Operation.csproj", "{BA7D5CEC-9EDD-4741-A35E-B92AE90DD8C2}"
EndProject
Project("{FAE04EC0-301F-11D3-BF4B-00C04F79EFBC}") = "MarsRover.Entity", "MarsRover.Entity\MarsRover.Entity.csproj", "{283146CE-29C6-4BC9-8132-5EBCC375FEB4}"
EndProject
Project("{2150E333-8FDC-42A3-9474-1A3956D46DE8}") = "Test", "Test", "{0E1091AC-A72B-432F-B4D2-A34D5951D57D}"
EndProject
Project("{FAE04EC0-301F-11D3-BF4B-00C04F79EFBC}") = "MarsRover.Operation.UnitTest", "MarsRover.Operation.UnitTest\MarsRover.Operation.UnitTest.csproj", "{D6DA8B9B-67FC-41FB-AE38-D901492076F3}"
EndProject
Global
	GlobalSection(SolutionConfigurationPlatforms) = preSolution
		Debug|Any CPU = Debug|Any CPU
		Release|Any CPU = Release|Any CPU
	EndGlobalSection
	GlobalSection(ProjectConfigurationPlatforms) = postSolution
		{F916DB77-16C8-439B-A4B9-41B7ECAF4643}.Debug|Any CPU.ActiveCfg = Debug|Any CPU
		{F916DB77-16C8-439B-A4B9-41B7ECAF4643}.Debug|Any CPU.Build.0 = Debug|Any CPU
		{F916DB77-16C8-439B-A4B9-41B7ECAF4643}.Release|Any CPU.ActiveCfg = Release|Any CPU
		{F916DB77-16C8-439B-A4B9-41B7ECAF4643}.Release|Any CPU.Build.0 = Release|Any CPU
		{BA7D5CEC-9EDD-4741-A35E-B92AE90DD8C2}.Debug|Any CPU.ActiveCfg = Debug|Any CPU
		{BA7D5CEC-9EDD-4741-A35E-B92AE90DD8C2}.Debug|Any CPU.Build.0 = Debug|Any CPU
		{BA7D5CEC-9EDD-4741-A35E-B92AE90DD8C2}.Release|Any CPU.ActiveCfg = Release|Any CPU
		{BA7D5CEC-9EDD-4741-A35E-B92AE90DD8C2}.Release|Any CPU.Build.0 = Release|Any CPU
		{283146CE-29C6-4BC9-8132-5EBCC375FEB4}.Debug|Any CPU.ActiveCfg = Debug|Any CPU
		{283146CE-29C6-4BC9-8132-5EBCC375FEB4}.Debug|Any CPU.Build.0 = Debug|Any CPU
		{283146CE-29C6-4BC9-8132-5EBCC375FEB4}.Release|Any CPU.ActiveCfg = Release|Any CPU
		{283146CE-29C6-4BC9-8132-5EBCC375FEB4}.Release|Any CPU.Build.0 = Release|Any CPU
		{D6DA8B9B-67FC-41FB-AE38-D901492076F3}.Debug|Any CPU.ActiveCfg = Debug|Any CPU
		{D6DA8B9B-67FC-41FB-AE38-D901492076F3}.Debug|Any CPU.Build.0 = Debug|Any CPU
		{D6DA8B9B-67FC-41FB-AE38-D901492076F3}.Release|Any CPU.ActiveCfg = Release|Any CPU
		{D6DA8B9B-67FC-41FB-AE38-D901492076F3}.Release|Any CPU.Build.0 = Release|Any CPU
	EndGlobalSection
	GlobalSection(SolutionProperties) = preSolution
		HideSolutionNode = FALSE
	EndGlobalSection
	GlobalSection(NestedProjects) = preSolution
		{D6DA8B9B-67FC-41FB-AE38-D901492076F3} = {0E1091AC-A72B-432F-B4D2-A34D5951D57D}
	EndGlobalSection
	GlobalSection(ExtensibilityGlobals) = postSolution
		SolutionGuid = {49BD1D25-4FB5-4023-9B41-71BEDCEEBACE}
	EndGlobalSection
EndGlobal
